
Microsoft Visual Studio Solution File, Format Version 12.00
# Visual Studio Version 17
VisualStudioVersion = 17.5.33627.172
MinimumVisualStudioVersion = 10.0.40219.1
Project("{9A19103F-16F7-4668-BE54-9A1E7A4F7556}") = "BowlingGame.Core", "BowlingGame.Core\BowlingGame.Core.csproj", "{04A81A7F-CCFA-473D-97AC-26E09105914A}"
EndProject
Project("{9A19103F-16F7-4668-BE54-9A1E7A4F7556}") = "BowlingGame.Infrastructure", "BowlingGame.Infrastructure\BowlingGame.Infrastructure.csproj", "{92FFA23D-2029-4924-993C-CA564B779F61}"
EndProject
Project("{FAE04EC0-301F-11D3-BF4B-00C04F79EFBC}") = "BowlingGame.Test", "BowlingGame.Test\BowlingGame.Test.csproj", "{83DC26C6-D697-46BF-9AE2-CD3778742525}"
EndProject
Global
	GlobalSection(SolutionConfigurationPlatforms) = preSolution
		Debug|Any CPU = Debug|Any CPU
		Release|Any CPU = Release|Any CPU
	EndGlobalSection
	GlobalSection(ProjectConfigurationPlatforms) = postSolution
		{04A81A7F-CCFA-473D-97AC-26E09105914A}.Debug|Any CPU.ActiveCfg = Debug|Any CPU
		{04A81A7F-CCFA-473D-97AC-26E09105914A}.Debug|Any CPU.Build.0 = Debug|Any CPU
		{04A81A7F-CCFA-473D-97AC-26E09105914A}.Release|Any CPU.ActiveCfg = Release|Any CPU
		{04A81A7F-CCFA-473D-97AC-26E09105914A}.Release|Any CPU.Build.0 = Release|Any CPU
		{92FFA23D-2029-4924-993C-CA564B779F61}.Debug|Any CPU.ActiveCfg = Debug|Any CPU
		{92FFA23D-2029-4924-993C-CA564B779F61}.Debug|Any CPU.Build.0 = Debug|Any CPU
		{92FFA23D-2029-4924-993C-CA564B779F61}.Release|Any CPU.ActiveCfg = Release|Any CPU
		{92FFA23D-2029-4924-993C-CA564B779F61}.Release|Any CPU.Build.0 = Release|Any CPU
		{83DC26C6-D697-46BF-9AE2-CD3778742525}.Debug|Any CPU.ActiveCfg = Debug|Any CPU
		{83DC26C6-D697-46BF-9AE2-CD3778742525}.Debug|Any CPU.Build.0 = Debug|Any CPU
		{83DC26C6-D697-46BF-9AE2-CD3778742525}.Release|Any CPU.ActiveCfg = Release|Any CPU
		{83DC26C6-D697-46BF-9AE2-CD3778742525}.Release|Any CPU.Build.0 = Release|Any CPU
	EndGlobalSection
	GlobalSection(SolutionProperties) = preSolution
		HideSolutionNode = FALSE
	EndGlobalSection
	GlobalSection(ExtensibilityGlobals) = postSolution
		SolutionGuid = {54F9E186-6D04-4F4F-A47C-77343264674C}
	EndGlobalSection
EndGlobal
